// !$*UTF8*$!
{
	archiveVersion = 1;
	classes = {
	};
	objectVersion = 56;
	objects = {

/* Begin PBXBuildFile section */
		1A293DE22BF22B9000381D5F /* YanJiAIApp.swift in Sources */ = {isa = PBXBuildFile; fileRef = 1A293DE12BF22B9000381D5F /* YanJiAIApp.swift */; };
		1A293DE42BF22B9000381D5F /* ContentView.swift in Sources */ = {isa = PBXBuildFile; fileRef = 1A293DE32BF22B9000381D5F /* ContentView.swift */; };
		1A293DE62BF22B9300381D5F /* Assets.xcassets in Resources */ = {isa = PBXBuildFile; fileRef = 1A293DE52BF22B9300381D5F /* Assets.xcassets */; };
		1A293DE92BF22B9300381D5F /* Preview Assets.xcassets in Resources */ = {isa = PBXBuildFile; fileRef = 1A293DE82BF22B9300381D5F /* Preview Assets.xcassets */; };
		1A293DF32BF22B9300381D5F /* YanJiAITests.swift in Sources */ = {isa = PBXBuildFile; fileRef = 1A293DF22BF22B9300381D5F /* YanJiAITests.swift */; };
		1A293DFD2BF22B9300381D5F /* YanJiAIUITests.swift in Sources */ = {isa = PBXBuildFile; fileRef = 1A293DFC2BF22B9300381D5F /* YanJiAIUITests.swift */; };
		1A293DFF2BF22B9300381D5F /* YanJiAIUITestsLaunchTests.swift in Sources */ = {isa = PBXBuildFile; fileRef = 1A293DFE2BF22B9300381D5F /* YanJiAIUITestsLaunchTests.swift */; };
		1A293E0C2BF22BAA00381D5F /* CameraView.swift in Sources */ = {isa = PBXBuildFile; fileRef = 1A293E0B2BF22BAA00381D5F /* CameraView.swift */; };
		1A293E0E2BF231EC00381D5F /* SentimentModel.mlmodel in Sources */ = {isa = PBXBuildFile; fileRef = 1A293E0D2BF231EC00381D5F /* SentimentModel.mlmodel */; };
		1A293E0F2BF231EC00381D5F /* SentimentModel.mlmodel in Sources */ = {isa = PBXBuildFile; fileRef = 1A293E0D2BF231EC00381D5F /* SentimentModel.mlmodel */; };
		1A293E102BF231EC00381D5F /* SentimentModel.mlmodel in Sources */ = {isa = PBXBuildFile; fileRef = 1A293E0D2BF231EC00381D5F /* SentimentModel.mlmodel */; };
		1A5F0B172BF2681A009C84A8 /* TrafficModel.mlmodel in Sources */ = {isa = PBXBuildFile; fileRef = 1A5F0B162BF2681A009C84A8 /* TrafficModel.mlmodel */; };
		1A5F0B182BF2681A009C84A8 /* TrafficModel.mlmodel in Sources */ = {isa = PBXBuildFile; fileRef = 1A5F0B162BF2681A009C84A8 /* TrafficModel.mlmodel */; };
		1A5F0B192BF2681A009C84A8 /* TrafficModel.mlmodel in Sources */ = {isa = PBXBuildFile; fileRef = 1A5F0B162BF2681A009C84A8 /* TrafficModel.mlmodel */; };
/* End PBXBuildFile section */

/* Begin PBXContainerItemProxy section */
		1A293DEF2BF22B9300381D5F /* PBXContainerItemProxy */ = {
			isa = PBXContainerItemProxy;
			containerPortal = 1A293DD62BF22B9000381D5F /* Project object */;
			proxyType = 1;
			remoteGlobalIDString = 1A293DDD2BF22B9000381D5F;
			remoteInfo = YanJiAI;
		};
		1A293DF92BF22B9300381D5F /* PBXContainerItemProxy */ = {
			isa = PBXContainerItemProxy;
			containerPortal = 1A293DD62BF22B9000381D5F /* Project object */;
			proxyType = 1;
			remoteGlobalIDString = 1A293DDD2BF22B9000381D5F;
			remoteInfo = YanJiAI;
		};
/* End PBXContainerItemProxy section */

/* Begin PBXFileReference section */
		1A293DDE2BF22B9000381D5F /* YanJiAI.app */ = {isa = PBXFileReference; explicitFileType = wrapper.application; includeInIndex = 0; path = YanJiAI.app; sourceTree = BUILT_PRODUCTS_DIR; };
		1A293DE12BF22B9000381D5F /* YanJiAIApp.swift */ = {isa = PBXFileReference; lastKnownFileType = sourcecode.swift; path = YanJiAIApp.swift; sourceTree = "<group>"; };
		1A293DE32BF22B9000381D5F /* ContentView.swift */ = {isa = PBXFileReference; lastKnownFileType = sourcecode.swift; path = ContentView.swift; sourceTree = "<group>"; };
		1A293DE52BF22B9300381D5F /* Assets.xcassets */ = {isa = PBXFileReference; lastKnownFileType = folder.assetcatalog; path = Assets.xcassets; sourceTree = "<group>"; };
		1A293DE82BF22B9300381D5F /* Preview Assets.xcassets */ = {isa = PBXFileReference; lastKnownFileType = folder.assetcatalog; path = "Preview Assets.xcassets"; sourceTree = "<group>"; };
		1A293DEE2BF22B9300381D5F /* YanJiAITests.xctest */ = {isa = PBXFileReference; explicitFileType = wrapper.cfbundle; includeInIndex = 0; path = YanJiAITests.xctest; sourceTree = BUILT_PRODUCTS_DIR; };
		1A293DF22BF22B9300381D5F /* YanJiAITests.swift */ = {isa = PBXFileReference; lastKnownFileType = sourcecode.swift; path = YanJiAITests.swift; sourceTree = "<group>"; };
		1A293DF82BF22B9300381D5F /* YanJiAIUITests.xctest */ = {isa = PBXFileReference; explicitFileType = wrapper.cfbundle; includeInIndex = 0; path = YanJiAIUITests.xctest; sourceTree = BUILT_PRODUCTS_DIR; };
		1A293DFC2BF22B9300381D5F /* YanJiAIUITests.swift */ = {isa = PBXFileReference; lastKnownFileType = sourcecode.swift; path = YanJiAIUITests.swift; sourceTree = "<group>"; };
		1A293DFE2BF22B9300381D5F /* YanJiAIUITestsLaunchTests.swift */ = {isa = PBXFileReference; lastKnownFileType = sourcecode.swift; path = YanJiAIUITestsLaunchTests.swift; sourceTree = "<group>"; };
		1A293E0B2BF22BAA00381D5F /* CameraView.swift */ = {isa = PBXFileReference; lastKnownFileType = sourcecode.swift; path = CameraView.swift; sourceTree = "<group>"; };
		1A293E0D2BF231EC00381D5F /* SentimentModel.mlmodel */ = {isa = PBXFileReference; lastKnownFileType = file.mlmodel; path = SentimentModel.mlmodel; sourceTree = SOURCE_ROOT; };
		1A5F0B162BF2681A009C84A8 /* TrafficModel.mlmodel */ = {isa = PBXFileReference; lastKnownFileType = file.mlmodel; path = TrafficModel.mlmodel; sourceTree = SOURCE_ROOT; };
/* End PBXFileReference section */

/* Begin PBXFrameworksBuildPhase section */
		1A293DDB2BF22B9000381D5F /* Frameworks */ = {
			isa = PBXFrameworksBuildPhase;
			buildActionMask = 2147483647;
			files = (
			);
			runOnlyForDeploymentPostprocessing = 0;
		};
		1A293DEB2BF22B9300381D5F /* Frameworks */ = {
			isa = PBXFrameworksBuildPhase;
			buildActionMask = 2147483647;
			files = (
			);
			runOnlyForDeploymentPostprocessing = 0;
		};
		1A293DF52BF22B9300381D5F /* Frameworks */ = {
			isa = PBXFrameworksBuildPhase;
			buildActionMask = 2147483647;
			files = (
			);
			runOnlyForDeploymentPostprocessing = 0;
		};
/* End PBXFrameworksBuildPhase section */

/* Begin PBXGroup section */
		1A293DD52BF22B9000381D5F = {
			isa = PBXGroup;
			children = (
				1A293DE02BF22B9000381D5F /* YanJiAI */,
				1A293DF12BF22B9300381D5F /* YanJiAITests */,
				1A293DFB2BF22B9300381D5F /* YanJiAIUITests */,
				1A293DDF2BF22B9000381D5F /* Products */,
			);
			sourceTree = "<group>";
		};
		1A293DDF2BF22B9000381D5F /* Products */ = {
			isa = PBXGroup;
			children = (
				1A293DDE2BF22B9000381D5F /* YanJiAI.app */,
				1A293DEE2BF22B9300381D5F /* YanJiAITests.xctest */,
				1A293DF82BF22B9300381D5F /* YanJiAIUITests.xctest */,
			);
			name = Products;
			sourceTree = "<group>";
		};
		1A293DE02BF22B9000381D5F /* YanJiAI */ = {
			isa = PBXGroup;
			children = (
				1A5F0B152BF248D4009C84A8 /* Views */,
				1A293DE12BF22B9000381D5F /* YanJiAIApp.swift */,
				1A293DE52BF22B9300381D5F /* Assets.xcassets */,
				1A293DE72BF22B9300381D5F /* Preview Content */,
			);
			path = YanJiAI;
			sourceTree = "<group>";
		};
		1A293DE72BF22B9300381D5F /* Preview Content */ = {
			isa = PBXGroup;
			children = (
				1A293DE82BF22B9300381D5F /* Preview Assets.xcassets */,
			);
			path = "Preview Content";
			sourceTree = "<group>";
		};
		1A293DF12BF22B9300381D5F /* YanJiAITests */ = {
			isa = PBXGroup;
			children = (
				1A293DF22BF22B9300381D5F /* YanJiAITests.swift */,
			);
			path = YanJiAITests;
			sourceTree = "<group>";
		};
		1A293DFB2BF22B9300381D5F /* YanJiAIUITests */ = {
			isa = PBXGroup;
			children = (
				1A293DFC2BF22B9300381D5F /* YanJiAIUITests.swift */,
				1A293DFE2BF22B9300381D5F /* YanJiAIUITestsLaunchTests.swift */,
				1A293E0D2BF231EC00381D5F /* SentimentModel.mlmodel */,
				1A5F0B162BF2681A009C84A8 /* TrafficModel.mlmodel */,
			);
			path = YanJiAIUITests;
			sourceTree = "<group>";
		};
		1A5F0B152BF248D4009C84A8 /* Views */ = {
			isa = PBXGroup;
			children = (
				1A293DE32BF22B9000381D5F /* ContentView.swift */,
				1A293E0B2BF22BAA00381D5F /* CameraView.swift */,
			);
			path = Views;
			sourceTree = "<group>";
		};
/* End PBXGroup section */

/* Begin PBXNativeTarget section */
		1A293DDD2BF22B9000381D5F /* YanJiAI */ = {
			isa = PBXNativeTarget;
			buildConfigurationList = 1A293E022BF22B9300381D5F /* Build configuration list for PBXNativeTarget "YanJiAI" */;
			buildPhases = (
				1A293DDA2BF22B9000381D5F /* Sources */,
				1A293DDB2BF22B9000381D5F /* Frameworks */,
				1A293DDC2BF22B9000381D5F /* Resources */,
			);
			buildRules = (
			);
			dependencies = (
			);
			name = YanJiAI;
			productName = YanJiAI;
			productReference = 1A293DDE2BF22B9000381D5F /* YanJiAI.app */;
			productType = "com.apple.product-type.application";
		};
		1A293DED2BF22B9300381D5F /* YanJiAITests */ = {
			isa = PBXNativeTarget;
			buildConfigurationList = 1A293E052BF22B9300381D5F /* Build configuration list for PBXNativeTarget "YanJiAITests" */;
			buildPhases = (
				1A293DEA2BF22B9300381D5F /* Sources */,
				1A293DEB2BF22B9300381D5F /* Frameworks */,
				1A293DEC2BF22B9300381D5F /* Resources */,
			);
			buildRules = (
			);
			dependencies = (
				1A293DF02BF22B9300381D5F /* PBXTargetDependency */,
			);
			name = YanJiAITests;
			productName = YanJiAITests;
			productReference = 1A293DEE2BF22B9300381D5F /* YanJiAITests.xctest */;
			productType = "com.apple.product-type.bundle.unit-test";
		};
		1A293DF72BF22B9300381D5F /* YanJiAIUITests */ = {
			isa = PBXNativeTarget;
			buildConfigurationList = 1A293E082BF22B9300381D5F /* Build configuration list for PBXNativeTarget "YanJiAIUITests" */;
			buildPhases = (
				1A293DF42BF22B9300381D5F /* Sources */,
				1A293DF52BF22B9300381D5F /* Frameworks */,
				1A293DF62BF22B9300381D5F /* Resources */,
			);
			buildRules = (
			);
			dependencies = (
				1A293DFA2BF22B9300381D5F /* PBXTargetDependency */,
			);
			name = YanJiAIUITests;
			productName = YanJiAIUITests;
			productReference = 1A293DF82BF22B9300381D5F /* YanJiAIUITests.xctest */;
			productType = "com.apple.product-type.bundle.ui-testing";
		};
/* End PBXNativeTarget section */

/* Begin PBXProject section */
		1A293DD62BF22B9000381D5F /* Project object */ = {
			isa = PBXProject;
			attributes = {
				BuildIndependentTargetsInParallel = 1;
				LastSwiftUpdateCheck = 1530;
				LastUpgradeCheck = 1530;
				TargetAttributes = {
					1A293DDD2BF22B9000381D5F = {
						CreatedOnToolsVersion = 15.3;
					};
					1A293DED2BF22B9300381D5F = {
						CreatedOnToolsVersion = 15.3;
						TestTargetID = 1A293DDD2BF22B9000381D5F;
					};
					1A293DF72BF22B9300381D5F = {
						CreatedOnToolsVersion = 15.3;
						TestTargetID = 1A293DDD2BF22B9000381D5F;
					};
				};
			};
			buildConfigurationList = 1A293DD92BF22B9000381D5F /* Build configuration list for PBXProject "YanJiAI" */;
			compatibilityVersion = "Xcode 14.0";
			developmentRegion = en;
			hasScannedForEncodings = 0;
			knownRegions = (
				en,
				Base,
			);
			mainGroup = 1A293DD52BF22B9000381D5F;
			productRefGroup = 1A293DDF2BF22B9000381D5F /* Products */;
			projectDirPath = "";
			projectRoot = "";
			targets = (
				1A293DDD2BF22B9000381D5F /* YanJiAI */,
				1A293DED2BF22B9300381D5F /* YanJiAITests */,
				1A293DF72BF22B9300381D5F /* YanJiAIUITests */,
			);
		};
/* End PBXProject section */

/* Begin PBXResourcesBuildPhase section */
		1A293DDC2BF22B9000381D5F /* Resources */ = {
			isa = PBXResourcesBuildPhase;
			buildActionMask = 2147483647;
			files = (
				1A293DE92BF22B9300381D5F /* Preview Assets.xcassets in Resources */,
				1A293DE62BF22B9300381D5F /* Assets.xcassets in Resources */,
			);
			runOnlyForDeploymentPostprocessing = 0;
		};
		1A293DEC2BF22B9300381D5F /* Resources */ = {
			isa = PBXResourcesBuildPhase;
			buildActionMask = 2147483647;
			files = (
			);
			runOnlyForDeploymentPostprocessing = 0;
		};
		1A293DF62BF22B9300381D5F /* Resources */ = {
			isa = PBXResourcesBuildPhase;
			buildActionMask = 2147483647;
			files = (
			);
			runOnlyForDeploymentPostprocessing = 0;
		};
/* End PBXResourcesBuildPhase section */

/* Begin PBXSourcesBuildPhase section */
		1A293DDA2BF22B9000381D5F /* Sources */ = {
			isa = PBXSourcesBuildPhase;
			buildActionMask = 2147483647;
			files = (
				1A293E0C2BF22BAA00381D5F /* CameraView.swift in Sources */,
				1A293DE42BF22B9000381D5F /* ContentView.swift in Sources */,
				1A293E0E2BF231EC00381D5F /* SentimentModel.mlmodel in Sources */,
				1A5F0B172BF2681A009C84A8 /* TrafficModel.mlmodel in Sources */,
				1A293DE22BF22B9000381D5F /* YanJiAIApp.swift in Sources */,
			);
			runOnlyForDeploymentPostprocessing = 0;
		};
		1A293DEA2BF22B9300381D5F /* Sources */ = {
			isa = PBXSourcesBuildPhase;
			buildActionMask = 2147483647;
			files = (
				1A293E0F2BF231EC00381D5F /* SentimentModel.mlmodel in Sources */,
				1A5F0B182BF2681A009C84A8 /* TrafficModel.mlmodel in Sources */,
				1A293DF32BF22B9300381D5F /* YanJiAITests.swift in Sources */,
			);
			runOnlyForDeploymentPostprocessing = 0;
		};
		1A293DF42BF22B9300381D5F /* Sources */ = {
			isa = PBXSourcesBuildPhase;
			buildActionMask = 2147483647;
			files = (
				1A5F0B192BF2681A009C84A8 /* TrafficModel.mlmodel in Sources */,
				1A293E102BF231EC00381D5F /* SentimentModel.mlmodel in Sources */,
				1A293DFF2BF22B9300381D5F /* YanJiAIUITestsLaunchTests.swift in Sources */,
				1A293DFD2BF22B9300381D5F /* YanJiAIUITests.swift in Sources */,
			);
			runOnlyForDeploymentPostprocessing = 0;
		};
/* End PBXSourcesBuildPhase section */

/* Begin PBXTargetDependency section */
		1A293DF02BF22B9300381D5F /* PBXTargetDependency */ = {
			isa = PBXTargetDependency;
			target = 1A293DDD2BF22B9000381D5F /* YanJiAI */;
			targetProxy = 1A293DEF2BF22B9300381D5F /* PBXContainerItemProxy */;
		};
		1A293DFA2BF22B9300381D5F /* PBXTargetDependency */ = {
			isa = PBXTargetDependency;
			target = 1A293DDD2BF22B9000381D5F /* YanJiAI */;
			targetProxy = 1A293DF92BF22B9300381D5F /* PBXContainerItemProxy */;
		};
/* End PBXTargetDependency section */

/* Begin XCBuildConfiguration section */
		1A293E002BF22B9300381D5F /* Debug */ = {
			isa = XCBuildConfiguration;
			buildSettings = {
				ALWAYS_SEARCH_USER_PATHS = NO;
				ASSETCATALOG_COMPILER_GENERATE_SWIFT_ASSET_SYMBOL_EXTENSIONS = YES;
				CLANG_ANALYZER_NONNULL = YES;
				CLANG_ANALYZER_NUMBER_OBJECT_CONVERSION = YES_AGGRESSIVE;
				CLANG_CXX_LANGUAGE_STANDARD = "gnu++20";
				CLANG_ENABLE_MODULES = YES;
				CLANG_ENABLE_OBJC_ARC = YES;
				CLANG_ENABLE_OBJC_WEAK = YES;
				CLANG_WARN_BLOCK_CAPTURE_AUTORELEASING = YES;
				CLANG_WARN_BOOL_CONVERSION = YES;
				CLANG_WARN_COMMA = YES;
				CLANG_WARN_CONSTANT_CONVERSION = YES;
				CLANG_WARN_DEPRECATED_OBJC_IMPLEMENTATIONS = YES;
				CLANG_WARN_DIRECT_OBJC_ISA_USAGE = YES_ERROR;
				CLANG_WARN_DOCUMENTATION_COMMENTS = YES;
				CLANG_WARN_EMPTY_BODY = YES;
				CLANG_WARN_ENUM_CONVERSION = YES;
				CLANG_WARN_INFINITE_RECURSION = YES;
				CLANG_WARN_INT_CONVERSION = YES;
				CLANG_WARN_NON_LITERAL_NULL_CONVERSION = YES;
				CLANG_WARN_OBJC_IMPLICIT_RETAIN_SELF = YES;
				CLANG_WARN_OBJC_LITERAL_CONVERSION = YES;
				CLANG_WARN_OBJC_ROOT_CLASS = YES_ERROR;
				CLANG_WARN_QUOTED_INCLUDE_IN_FRAMEWORK_HEADER = YES;
				CLANG_WARN_RANGE_LOOP_ANALYSIS = YES;
				CLANG_WARN_STRICT_PROTOTYPES = YES;
				CLANG_WARN_SUSPICIOUS_MOVE = YES;
				CLANG_WARN_UNGUARDED_AVAILABILITY = YES_AGGRESSIVE;
				CLANG_WARN_UNREACHABLE_CODE = YES;
				CLANG_WARN__DUPLICATE_METHOD_MATCH = YES;
				COPY_PHASE_STRIP = NO;
				DEBUG_INFORMATION_FORMAT = dwarf;
				ENABLE_STRICT_OBJC_MSGSEND = YES;
				ENABLE_TESTABILITY = YES;
				ENABLE_USER_SCRIPT_SANDBOXING = YES;
				GCC_C_LANGUAGE_STANDARD = gnu17;
				GCC_DYNAMIC_NO_PIC = NO;
				GCC_NO_COMMON_BLOCKS = YES;
				GCC_OPTIMIZATION_LEVEL = 0;
				GCC_PREPROCESSOR_DEFINITIONS = (
					"DEBUG=1",
					"$(inherited)",
				);
				GCC_WARN_64_TO_32_BIT_CONVERSION = YES;
				GCC_WARN_ABOUT_RETURN_TYPE = YES_ERROR;
				GCC_WARN_UNDECLARED_SELECTOR = YES;
				GCC_WARN_UNINITIALIZED_AUTOS = YES_AGGRESSIVE;
				GCC_WARN_UNUSED_FUNCTION = YES;
				GCC_WARN_UNUSED_VARIABLE = YES;
				IPHONEOS_DEPLOYMENT_TARGET = 17.4;
				LOCALIZATION_PREFERS_STRING_CATALOGS = YES;
				MTL_ENABLE_DEBUG_INFO = INCLUDE_SOURCE;
				MTL_FAST_MATH = YES;
				ONLY_ACTIVE_ARCH = YES;
				SDKROOT = iphoneos;
				SWIFT_ACTIVE_COMPILATION_CONDITIONS = "DEBUG $(inherited)";
				SWIFT_OPTIMIZATION_LEVEL = "-Onone";
			};
			name = Debug;
		};
		1A293E012BF22B9300381D5F /* Release */ = {
			isa = XCBuildConfiguration;
			buildSettings = {
				ALWAYS_SEARCH_USER_PATHS = NO;
				ASSETCATALOG_COMPILER_GENERATE_SWIFT_ASSET_SYMBOL_EXTENSIONS = YES;
				CLANG_ANALYZER_NONNULL = YES;
				CLANG_ANALYZER_NUMBER_OBJECT_CONVERSION = YES_AGGRESSIVE;
				CLANG_CXX_LANGUAGE_STANDARD = "gnu++20";
				CLANG_ENABLE_MODULES = YES;
				CLANG_ENABLE_OBJC_ARC = YES;
				CLANG_ENABLE_OBJC_WEAK = YES;
				CLANG_WARN_BLOCK_CAPTURE_AUTORELEASING = YES;
				CLANG_WARN_BOOL_CONVERSION = YES;
				CLANG_WARN_COMMA = YES;
				CLANG_WARN_CONSTANT_CONVERSION = YES;
				CLANG_WARN_DEPRECATED_OBJC_IMPLEMENTATIONS = YES;
				CLANG_WARN_DIRECT_OBJC_ISA_USAGE = YES_ERROR;
				CLANG_WARN_DOCUMENTATION_COMMENTS = YES;
				CLANG_WARN_EMPTY_BODY = YES;
				CLANG_WARN_ENUM_CONVERSION = YES;
				CLANG_WARN_INFINITE_RECURSION = YES;
				CLANG_WARN_INT_CONVERSION = YES;
				CLANG_WARN_NON_LITERAL_NULL_CONVERSION = YES;
				CLANG_WARN_OBJC_IMPLICIT_RETAIN_SELF = YES;
				CLANG_WARN_OBJC_LITERAL_CONVERSION = YES;
				CLANG_WARN_OBJC_ROOT_CLASS = YES_ERROR;
				CLANG_WARN_QUOTED_INCLUDE_IN_FRAMEWORK_HEADER = YES;
				CLANG_WARN_RANGE_LOOP_ANALYSIS = YES;
				CLANG_WARN_STRICT_PROTOTYPES = YES;
				CLANG_WARN_SUSPICIOUS_MOVE = YES;
				CLANG_WARN_UNGUARDED_AVAILABILITY = YES_AGGRESSIVE;
				CLANG_WARN_UNREACHABLE_CODE = YES;
				CLANG_WARN__DUPLICATE_METHOD_MATCH = YES;
				COPY_PHASE_STRIP = NO;
				DEBUG_INFORMATION_FORMAT = "dwarf-with-dsym";
				ENABLE_NS_ASSERTIONS = NO;
				ENABLE_STRICT_OBJC_MSGSEND = YES;
				ENABLE_USER_SCRIPT_SANDBOXING = YES;
				GCC_C_LANGUAGE_STANDARD = gnu17;
				GCC_NO_COMMON_BLOCKS = YES;
				GCC_WARN_64_TO_32_BIT_CONVERSION = YES;
				GCC_WARN_ABOUT_RETURN_TYPE = YES_ERROR;
				GCC_WARN_UNDECLARED_SELECTOR = YES;
				GCC_WARN_UNINITIALIZED_AUTOS = YES_AGGRESSIVE;
				GCC_WARN_UNUSED_FUNCTION = YES;
				GCC_WARN_UNUSED_VARIABLE = YES;
				IPHONEOS_DEPLOYMENT_TARGET = 17.4;
				LOCALIZATION_PREFERS_STRING_CATALOGS = YES;
				MTL_ENABLE_DEBUG_INFO = NO;
				MTL_FAST_MATH = YES;
				SDKROOT = iphoneos;
				SWIFT_COMPILATION_MODE = wholemodule;
				VALIDATE_PRODUCT = YES;
			};
			name = Release;
		};
		1A293E032BF22B9300381D5F /* Debug */ = {
			isa = XCBuildConfiguration;
			buildSettings = {
				ASSETCATALOG_COMPILER_APPICON_NAME = AppIcon;
				ASSETCATALOG_COMPILER_GLOBAL_ACCENT_COLOR_NAME = AccentColor;
				CODE_SIGN_STYLE = Automatic;
				CURRENT_PROJECT_VERSION = 1;
				DEVELOPMENT_ASSET_PATHS = "\"YanJiAI/Preview Content\"";
				DEVELOPMENT_TEAM = 9W5GY4L6GJ;
				ENABLE_PREVIEWS = YES;
				GENERATE_INFOPLIST_FILE = YES;
				INFOPLIST_KEY_CFBundleDisplayName = "眼迹AI";
				INFOPLIST_KEY_LSApplicationCategoryType = "public.app-category.developer-tools";
				INFOPLIST_KEY_NSCameraUsageDescription = "眼迹AI想用你的相机";
				INFOPLIST_KEY_NSPhotoLibraryAddUsageDescription = "眼迹AI想用你的照片";
				INFOPLIST_KEY_UIApplicationSceneManifest_Generation = YES;
				INFOPLIST_KEY_UIApplicationSupportsIndirectInputEvents = YES;
				INFOPLIST_KEY_UILaunchScreen_Generation = YES;
				INFOPLIST_KEY_UIRequiresFullScreen = NO;
				INFOPLIST_KEY_UISupportedInterfaceOrientations = UIInterfaceOrientationPortrait;
				LD_RUNPATH_SEARCH_PATHS = (
					"$(inherited)",
					"@executable_path/Frameworks",
				);
				MARKETING_VERSION = 1.0;
				PRODUCT_BUNDLE_IDENTIFIER = cn.ctkqiang.YanJiAI;
				PRODUCT_NAME = "$(TARGET_NAME)";
				SWIFT_EMIT_LOC_STRINGS = YES;
				SWIFT_VERSION = 5.0;
				TARGETED_DEVICE_FAMILY = "1,2";
			};
			name = Debug;
		};
		1A293E042BF22B9300381D5F /* Release */ = {
			isa = XCBuildConfiguration;
			buildSettings = {
				ASSETCATALOG_COMPILER_APPICON_NAME = AppIcon;
				ASSETCATALOG_COMPILER_GLOBAL_ACCENT_COLOR_NAME = AccentColor;
				CODE_SIGN_STYLE = Automatic;
				CURRENT_PROJECT_VERSION = 1;
				DEVELOPMENT_ASSET_PATHS = "\"YanJiAI/Preview Content\"";
				DEVELOPMENT_TEAM = 9W5GY4L6GJ;
				ENABLE_PREVIEWS = YES;
				GENERATE_INFOPLIST_FILE = YES;
				INFOPLIST_KEY_CFBundleDisplayName = "眼迹AI";
				INFOPLIST_KEY_LSApplicationCategoryType = "public.app-category.developer-tools";
				INFOPLIST_KEY_NSCameraUsageDescription = "眼迹AI想用你的相机";
				INFOPLIST_KEY_NSPhotoLibraryAddUsageDescription = "眼迹AI想用你的照片";
				INFOPLIST_KEY_UIApplicationSceneManifest_Generation = YES;
				INFOPLIST_KEY_UIApplicationSupportsIndirectInputEvents = YES;
				INFOPLIST_KEY_UILaunchScreen_Generation = YES;
				INFOPLIST_KEY_UIRequiresFullScreen = NO;
				INFOPLIST_KEY_UISupportedInterfaceOrientations = UIInterfaceOrientationPortrait;
				LD_RUNPATH_SEARCH_PATHS = (
					"$(inherited)",
					"@executable_path/Frameworks",
				);
				MARKETING_VERSION = 1.0;
				PRODUCT_BUNDLE_IDENTIFIER = cn.ctkqiang.YanJiAI;
				PRODUCT_NAME = "$(TARGET_NAME)";
				SWIFT_EMIT_LOC_STRINGS = YES;
				SWIFT_VERSION = 5.0;
				TARGETED_DEVICE_FAMILY = "1,2";
			};
			name = Release;
		};
		1A293E062BF22B9300381D5F /* Debug */ = {
			isa = XCBuildConfiguration;
			buildSettings = {
				ALWAYS_EMBED_SWIFT_STANDARD_LIBRARIES = YES;
				BUNDLE_LOADER = "$(TEST_HOST)";
				CODE_SIGN_STYLE = Automatic;
				CURRENT_PROJECT_VERSION = 1;
				DEVELOPMENT_TEAM = 9W5GY4L6GJ;
				GENERATE_INFOPLIST_FILE = YES;
				IPHONEOS_DEPLOYMENT_TARGET = 17.4;
				MARKETING_VERSION = 1.0;
				PRODUCT_BUNDLE_IDENTIFIER = cn.ctkqiang.YanJiAITests;
				PRODUCT_NAME = "$(TARGET_NAME)";
				SWIFT_EMIT_LOC_STRINGS = NO;
				SWIFT_VERSION = 5.0;
				TARGETED_DEVICE_FAMILY = "1,2";
				TEST_HOST = "$(BUILT_PRODUCTS_DIR)/YanJiAI.app/$(BUNDLE_EXECUTABLE_FOLDER_PATH)/YanJiAI";
			};
			name = Debug;
		};
		1A293E072BF22B9300381D5F /* Release */ = {
			isa = XCBuildConfiguration;
			buildSettings = {
				ALWAYS_EMBED_SWIFT_STANDARD_LIBRARIES = YES;
				BUNDLE_LOADER = "$(TEST_HOST)";
				CODE_SIGN_STYLE = Automatic;
				CURRENT_PROJECT_VERSION = 1;
				DEVELOPMENT_TEAM = 9W5GY4L6GJ;
				GENERATE_INFOPLIST_FILE = YES;
				IPHONEOS_DEPLOYMENT_TARGET = 17.4;
				MARKETING_VERSION = 1.0;
				PRODUCT_BUNDLE_IDENTIFIER = cn.ctkqiang.YanJiAITests;
				PRODUCT_NAME = "$(TARGET_NAME)";
				SWIFT_EMIT_LOC_STRINGS = NO;
				SWIFT_VERSION = 5.0;
				TARGETED_DEVICE_FAMILY = "1,2";
				TEST_HOST = "$(BUILT_PRODUCTS_DIR)/YanJiAI.app/$(BUNDLE_EXECUTABLE_FOLDER_PATH)/YanJiAI";
			};
			name = Release;
		};
		1A293E092BF22B9300381D5F /* Debug */ = {
			isa = XCBuildConfiguration;
			buildSettings = {
				ALWAYS_EMBED_SWIFT_STANDARD_LIBRARIES = YES;
				CODE_SIGN_STYLE = Automatic;
				CURRENT_PROJECT_VERSION = 1;
				DEVELOPMENT_TEAM = 9W5GY4L6GJ;
				GENERATE_INFOPLIST_FILE = YES;
				MARKETING_VERSION = 1.0;
				PRODUCT_BUNDLE_IDENTIFIER = cn.ctkqiang.YanJiAIUITests;
				PRODUCT_NAME = "$(TARGET_NAME)";
				SWIFT_EMIT_LOC_STRINGS = NO;
				SWIFT_VERSION = 5.0;
				TARGETED_DEVICE_FAMILY = "1,2";
				TEST_TARGET_NAME = YanJiAI;
			};
			name = Debug;
		};
		1A293E0A2BF22B9300381D5F /* Release */ = {
			isa = XCBuildConfiguration;
			buildSettings = {
				ALWAYS_EMBED_SWIFT_STANDARD_LIBRARIES = YES;
				CODE_SIGN_STYLE = Automatic;
				CURRENT_PROJECT_VERSION = 1;
				DEVELOPMENT_TEAM = 9W5GY4L6GJ;
				GENERATE_INFOPLIST_FILE = YES;
				MARKETING_VERSION = 1.0;
				PRODUCT_BUNDLE_IDENTIFIER = cn.ctkqiang.YanJiAIUITests;
				PRODUCT_NAME = "$(TARGET_NAME)";
				SWIFT_EMIT_LOC_STRINGS = NO;
				SWIFT_VERSION = 5.0;
				TARGETED_DEVICE_FAMILY = "1,2";
				TEST_TARGET_NAME = YanJiAI;
			};
			name = Release;
		};
/* End XCBuildConfiguration section */

/* Begin XCConfigurationList section */
		1A293DD92BF22B9000381D5F /* Build configuration list for PBXProject "YanJiAI" */ = {
			isa = XCConfigurationList;
			buildConfigurations = (
				1A293E002BF22B9300381D5F /* Debug */,
				1A293E012BF22B9300381D5F /* Release */,
			);
			defaultConfigurationIsVisible = 0;
			defaultConfigurationName = Release;
		};
		1A293E022BF22B9300381D5F /* Build configuration list for PBXNativeTarget "YanJiAI" */ = {
			isa = XCConfigurationList;
			buildConfigurations = (
				1A293E032BF22B9300381D5F /* Debug */,
				1A293E042BF22B9300381D5F /* Release */,
			);
			defaultConfigurationIsVisible = 0;
			defaultConfigurationName = Release;
		};
		1A293E052BF22B9300381D5F /* Build configuration list for PBXNativeTarget "YanJiAITests" */ = {
			isa = XCConfigurationList;
			buildConfigurations = (
				1A293E062BF22B9300381D5F /* Debug */,
				1A293E072BF22B9300381D5F /* Release */,
			);
			defaultConfigurationIsVisible = 0;
			defaultConfigurationName = Release;
		};
		1A293E082BF22B9300381D5F /* Build configuration list for PBXNativeTarget "YanJiAIUITests" */ = {
			isa = XCConfigurationList;
			buildConfigurations = (
				1A293E092BF22B9300381D5F /* Debug */,
				1A293E0A2BF22B9300381D5F /* Release */,
			);
			defaultConfigurationIsVisible = 0;
			defaultConfigurationName = Release;
		};
/* End XCConfigurationList section */
	};
	rootObject = 1A293DD62BF22B9000381D5F /* Project object */;
}
